
Microsoft Visual Studio Solution File, Format Version 12.00
# Visual Studio Version 17
VisualStudioVersion = 17.7.34018.315
MinimumVisualStudioVersion = 10.0.40219.1
Project("{FAE04EC0-301F-11D3-BF4B-00C04F79EFBC}") = "Divider_AN", "Divider_AN\Divider_AN.csproj", "{EC1C02FF-210C-4799-8B2E-27602F8D9D5B}"
EndProject
Global
	GlobalSection(SolutionConfigurationPlatforms) = preSolution
		Debug|Any CPU = Debug|Any CPU
		Release|Any CPU = Release|Any CPU
	EndGlobalSection
	GlobalSection(ProjectConfigurationPlatforms) = postSolution
		{EC1C02FF-210C-4799-8B2E-27602F8D9D5B}.Debug|Any CPU.ActiveCfg = Debug|Any CPU
		{EC1C02FF-210C-4799-8B2E-27602F8D9D5B}.Debug|Any CPU.Build.0 = Debug|Any CPU
		{EC1C02FF-210C-4799-8B2E-27602F8D9D5B}.Release|Any CPU.ActiveCfg = Release|Any CPU
		{EC1C02FF-210C-4799-8B2E-27602F8D9D5B}.Release|Any CPU.Build.0 = Release|Any CPU
	EndGlobalSection
	GlobalSection(SolutionProperties) = preSolution
		HideSolutionNode = FALSE
	EndGlobalSection
	GlobalSection(ExtensibilityGlobals) = postSolution
		SolutionGuid = {FE5D83CE-724E-46C2-AEFA-68BCC3F47BB1}
	EndGlobalSection
EndGlobal
